
Microsoft Visual Studio Solution File, Format Version 12.00
# Visual Studio Version 17
VisualStudioVersion = 17.5.33627.172
MinimumVisualStudioVersion = 10.0.40219.1
Project("{FAE04EC0-301F-11D3-BF4B-00C04F79EFBC}") = "practicle 6", "practicle 6\practicle 6.csproj", "{2043F79C-479C-4736-906F-9E44CA9BDB3B}"
EndProject
Global
	GlobalSection(SolutionConfigurationPlatforms) = preSolution
		Debug|Any CPU = Debug|Any CPU
		Release|Any CPU = Release|Any CPU
	EndGlobalSection
	GlobalSection(ProjectConfigurationPlatforms) = postSolution
		{2043F79C-479C-4736-906F-9E44CA9BDB3B}.Debug|Any CPU.ActiveCfg = Debug|Any CPU
		{2043F79C-479C-4736-906F-9E44CA9BDB3B}.Debug|Any CPU.Build.0 = Debug|Any CPU
		{2043F79C-479C-4736-906F-9E44CA9BDB3B}.Release|Any CPU.ActiveCfg = Release|Any CPU
		{2043F79C-479C-4736-906F-9E44CA9BDB3B}.Release|Any CPU.Build.0 = Release|Any CPU
	EndGlobalSection
	GlobalSection(SolutionProperties) = preSolution
		HideSolutionNode = FALSE
	EndGlobalSection
	GlobalSection(ExtensibilityGlobals) = postSolution
		SolutionGuid = {F3E030C9-E142-4ACE-8DBB-020075448EA6}
	EndGlobalSection
EndGlobal
