
Microsoft Visual Studio Solution File, Format Version 12.00
# Visual Studio Version 17
VisualStudioVersion = 17.5.33627.172
MinimumVisualStudioVersion = 10.0.40219.1
Project("{FAE04EC0-301F-11D3-BF4B-00C04F79EFBC}") = "practicle 3", "practicle 3\practicle 3.csproj", "{CA9BB98E-C0FD-43E9-A597-2DBFF6735E19}"
EndProject
Global
	GlobalSection(SolutionConfigurationPlatforms) = preSolution
		Debug|Any CPU = Debug|Any CPU
		Release|Any CPU = Release|Any CPU
	EndGlobalSection
	GlobalSection(ProjectConfigurationPlatforms) = postSolution
		{CA9BB98E-C0FD-43E9-A597-2DBFF6735E19}.Debug|Any CPU.ActiveCfg = Debug|Any CPU
		{CA9BB98E-C0FD-43E9-A597-2DBFF6735E19}.Debug|Any CPU.Build.0 = Debug|Any CPU
		{CA9BB98E-C0FD-43E9-A597-2DBFF6735E19}.Release|Any CPU.ActiveCfg = Release|Any CPU
		{CA9BB98E-C0FD-43E9-A597-2DBFF6735E19}.Release|Any CPU.Build.0 = Release|Any CPU
	EndGlobalSection
	GlobalSection(SolutionProperties) = preSolution
		HideSolutionNode = FALSE
	EndGlobalSection
	GlobalSection(ExtensibilityGlobals) = postSolution
		SolutionGuid = {88537402-47F4-491F-83C3-F5145F419A84}
	EndGlobalSection
EndGlobal
